
Microsoft Visual Studio Solution File, Format Version 12.00
# Visual Studio Version 16
VisualStudioVersion = 16.0.810.14
MinimumVisualStudioVersion = 10.0.40219.1
Project("{9A19103F-16F7-4668-BE54-9A1E7A4F7556}") = "StoreApi", "StoreApi.csproj", "{60863912-FEB8-45AA-895D-0ED278576145}"
EndProject
Global
	GlobalSection(SolutionConfigurationPlatforms) = preSolution
		Debug|Any CPU = Debug|Any CPU
		Release|Any CPU = Release|Any CPU
	EndGlobalSection
	GlobalSection(ProjectConfigurationPlatforms) = postSolution
		{60863912-FEB8-45AA-895D-0ED278576145}.Debug|Any CPU.ActiveCfg = Debug|Any CPU
		{60863912-FEB8-45AA-895D-0ED278576145}.Debug|Any CPU.Build.0 = Debug|Any CPU
		{60863912-FEB8-45AA-895D-0ED278576145}.Release|Any CPU.ActiveCfg = Release|Any CPU
		{60863912-FEB8-45AA-895D-0ED278576145}.Release|Any CPU.Build.0 = Release|Any CPU
	EndGlobalSection
	GlobalSection(SolutionProperties) = preSolution
		HideSolutionNode = FALSE
	EndGlobalSection
	GlobalSection(ExtensibilityGlobals) = postSolution
		SolutionGuid = {12109B1C-D9AF-41E7-B49E-FDDA6C904561}
	EndGlobalSection
EndGlobal
